
Microsoft Visual Studio Solution File, Format Version 12.00
# Visual Studio 15
VisualStudioVersion = 15.0.28010.2003
MinimumVisualStudioVersion = 10.0.40219.1
Project("{FAE04EC0-301F-11D3-BF4B-00C04F79EFBC}") = "NeptuneCalculator", "..\ISMG6020-ProjectTwo-Neptune\NeptuneCalculator\NeptuneCalculator.csproj", "{D414F10E-A326-43A4-B0E8-7FF3FE25EAE4}"
EndProject
Global
	GlobalSection(SolutionConfigurationPlatforms) = preSolution
		Debug|Any CPU = Debug|Any CPU
		Release|Any CPU = Release|Any CPU
	EndGlobalSection
	GlobalSection(ProjectConfigurationPlatforms) = postSolution
		{D414F10E-A326-43A4-B0E8-7FF3FE25EAE4}.Debug|Any CPU.ActiveCfg = Debug|Any CPU
		{D414F10E-A326-43A4-B0E8-7FF3FE25EAE4}.Debug|Any CPU.Build.0 = Debug|Any CPU
		{D414F10E-A326-43A4-B0E8-7FF3FE25EAE4}.Release|Any CPU.ActiveCfg = Release|Any CPU
		{D414F10E-A326-43A4-B0E8-7FF3FE25EAE4}.Release|Any CPU.Build.0 = Release|Any CPU
	EndGlobalSection
	GlobalSection(SolutionProperties) = preSolution
		HideSolutionNode = FALSE
	EndGlobalSection
	GlobalSection(ExtensibilityGlobals) = postSolution
		SolutionGuid = {A4E84E99-9F73-4024-A9B5-19348F253BF7}
	EndGlobalSection
EndGlobal
